
Microsoft Visual Studio Solution File, Format Version 12.00
# Visual Studio Version 16
VisualStudioVersion = 16.0.31410.357
MinimumVisualStudioVersion = 10.0.40219.1
Project("{FAE04EC0-301F-11D3-BF4B-00C04F79EFBC}") = "SpMedicalG_WebApi", "SpMedicalG_WebApi\SpMedicalG_WebApi.csproj", "{B731F999-2CC8-44F4-9114-32BC5D0A20B8}"
EndProject
Global
	GlobalSection(SolutionConfigurationPlatforms) = preSolution
		Debug|Any CPU = Debug|Any CPU
		Release|Any CPU = Release|Any CPU
	EndGlobalSection
	GlobalSection(ProjectConfigurationPlatforms) = postSolution
		{B731F999-2CC8-44F4-9114-32BC5D0A20B8}.Debug|Any CPU.ActiveCfg = Debug|Any CPU
		{B731F999-2CC8-44F4-9114-32BC5D0A20B8}.Debug|Any CPU.Build.0 = Debug|Any CPU
		{B731F999-2CC8-44F4-9114-32BC5D0A20B8}.Release|Any CPU.ActiveCfg = Release|Any CPU
		{B731F999-2CC8-44F4-9114-32BC5D0A20B8}.Release|Any CPU.Build.0 = Release|Any CPU
	EndGlobalSection
	GlobalSection(SolutionProperties) = preSolution
		HideSolutionNode = FALSE
	EndGlobalSection
	GlobalSection(ExtensibilityGlobals) = postSolution
		SolutionGuid = {E775BFE8-4C37-4E69-8487-41093F0BE440}
	EndGlobalSection
EndGlobal
